{
    "version": 3,
    "terraform_version": "0.9.6",
    "serial": 15,
    "lineage": "d0f5f191-3296-42bd-bf66-d0c3350823a1",
    "modules": [
        {
            "path": [
                "root"
            ],
            "outputs": {
                "kubernetes_api_dns_name": {
                    "sensitive": false,
                    "type": "string",
                    "value": "kubernetes-elb-677243217.cn-north-1.elb.amazonaws.com.cn"
                },
                "kubernetes_workers_public_ip": {
                    "sensitive": false,
                    "type": "string",
                    "value": "54.222.147.105"
                }
            },
            "resources": {
                "aws_elb.kubernetes_api": {
                    "type": "aws_elb",
                    "depends_on": [
                        "aws_instance.controller.*",
                        "aws_security_group.kubernetes_api",
                        "aws_subnet.kubernetes"
                    ],
                    "primary": {
                        "id": "kubernetes-elb",
                        "attributes": {
                            "access_logs.#": "0",
                            "availability_zones.#": "1",
                            "availability_zones.3739822209": "cn-north-1a",
                            "connection_draining": "false",
                            "connection_draining_timeout": "300",
                            "cross_zone_load_balancing": "false",
                            "dns_name": "kubernetes-elb-677243217.cn-north-1.elb.amazonaws.com.cn",
                            "health_check.#": "1",
                            "health_check.0.healthy_threshold": "2",
                            "health_check.0.interval": "30",
                            "health_check.0.target": "HTTP:8000/healthz",
                            "health_check.0.timeout": "15",
                            "health_check.0.unhealthy_threshold": "2",
                            "id": "kubernetes-elb",
                            "idle_timeout": "60",
                            "instances.#": "1",
                            "instances.38708177": "i-0e9f17bbef93e2bb7",
                            "internal": "false",
                            "listener.#": "1",
                            "listener.3838681924.instance_port": "6443",
                            "listener.3838681924.instance_protocol": "tcp",
                            "listener.3838681924.lb_port": "6443",
                            "listener.3838681924.lb_protocol": "tcp",
                            "listener.3838681924.ssl_certificate_id": "",
                            "name": "kubernetes-elb",
                            "security_groups.#": "1",
                            "security_groups.489839435": "sg-28b10b4c",
                            "source_security_group": "493490470276/kubernetes-api",
                            "source_security_group_id": "sg-28b10b4c",
                            "subnets.#": "1",
                            "subnets.1968286927": "subnet-ae957dca",
                            "tags.%": "2",
                            "tags.Name": "kubernetes",
                            "tags.Owner": "CSKIN",
                            "zone_id": "Z2O53LF2OEEVUE"
                        },
                        "meta": {},
                        "tainted": false
                    },
                    "deposed": [],
                    "provider": ""
                },
                "aws_iam_instance_profile.kubernetes": {
                    "type": "aws_iam_instance_profile",
                    "depends_on": [
                        "aws_iam_role.kubernetes"
                    ],
                    "primary": {
                        "id": "kubernetes",
                        "attributes": {
                            "arn": "arn:aws-cn:iam::493490470276:instance-profile/kubernetes",
                            "id": "kubernetes",
                            "name": "kubernetes",
                            "path": "/",
                            "role": "kubernetes",
                            "roles.#": "0",
                            "unique_id": "AIPAOEN5IIK47XVB5ALZU"
                        },
                        "meta": {},
                        "tainted": false
                    },
                    "deposed": [],
                    "provider": ""
                },
                "aws_iam_role.kubernetes": {
                    "type": "aws_iam_role",
                    "depends_on": [],
                    "primary": {
                        "id": "kubernetes",
                        "attributes": {
                            "arn": "arn:aws-cn:iam::493490470276:role/kubernetes",
                            "assume_role_policy": "{\"Version\":\"2012-10-17\",\"Statement\":[{\"Effect\":\"Allow\",\"Principal\":{\"Service\":\"ec2.amazonaws.com.cn\"},\"Action\":\"sts:AssumeRole\"}]}",
                            "create_date": "2017-07-20T10:35:08Z",
                            "id": "kubernetes",
                            "name": "kubernetes",
                            "path": "/",
                            "unique_id": "AROAP5VXNLAYEB5AAYTZM"
                        },
                        "meta": {},
                        "tainted": false
                    },
                    "deposed": [],
                    "provider": ""
                },
                "aws_iam_role_policy.kubernetes": {
                    "type": "aws_iam_role_policy",
                    "depends_on": [
                        "aws_iam_role.kubernetes"
                    ],
                    "primary": {
                        "id": "kubernetes:kubernetes",
                        "attributes": {
                            "id": "kubernetes:kubernetes",
                            "name": "kubernetes",
                            "policy": "{\n  \"Version\": \"2012-10-17\",\n  \"Statement\": [\n    {\n      \"Action\" : [\"ec2:*\"],\n      \"Effect\": \"Allow\",\n      \"Resource\": [\"*\"]\n    },\n    {\n      \"Action\" : [\"elasticloadbalancing:*\"],\n      \"Effect\": \"Allow\",\n      \"Resource\": [\"*\"]\n    },\n    {\n      \"Action\": \"route53:*\",\n      \"Effect\": \"Allow\",\n      \"Resource\": [\"*\"]\n    },\n    {\n      \"Action\": \"ecr:*\",\n      \"Effect\": \"Allow\",\n      \"Resource\": \"*\"\n    }\n  ]\n}\n",
                            "role": "kubernetes"
                        },
                        "meta": {},
                        "tainted": false
                    },
                    "deposed": [],
                    "provider": ""
                },
                "aws_instance.controller": {
                    "type": "aws_instance",
                    "depends_on": [
                        "aws_iam_instance_profile.kubernetes",
                        "aws_security_group.kubernetes",
                        "aws_subnet.kubernetes"
                    ],
                    "primary": {
                        "id": "i-0e9f17bbef93e2bb7",
                        "attributes": {
                            "ami": "ami-0220b23b",
                            "associate_public_ip_address": "true",
                            "availability_zone": "cn-north-1a",
                            "disable_api_termination": "false",
                            "ebs_block_device.#": "0",
                            "ebs_optimized": "false",
                            "ephemeral_block_device.#": "0",
                            "iam_instance_profile": "kubernetes",
                            "id": "i-0e9f17bbef93e2bb7",
                            "instance_state": "running",
                            "instance_type": "t2.micro",
                            "ipv6_addresses.#": "0",
                            "key_name": "k8s-not-the-hardest-way",
                            "monitoring": "false",
                            "network_interface.#": "0",
                            "network_interface_id": "eni-d5fbd48d",
                            "primary_network_interface_id": "eni-d5fbd48d",
                            "private_dns": "ip-10-43-0-20.cn-north-1.compute.internal",
                            "private_ip": "10.43.0.20",
                            "public_dns": "ec2-52-80-65-157.cn-north-1.compute.amazonaws.com.cn",
                            "public_ip": "52.80.65.157",
                            "root_block_device.#": "1",
                            "root_block_device.0.delete_on_termination": "true",
                            "root_block_device.0.iops": "100",
                            "root_block_device.0.volume_size": "8",
                            "root_block_device.0.volume_type": "gp2",
                            "security_groups.#": "0",
                            "source_dest_check": "false",
                            "subnet_id": "subnet-ae957dca",
                            "tags.%": "5",
                            "tags.Name": "controller-0",
                            "tags.Owner": "CSKIN",
                            "tags.ansibleFilter": "Kubernetes01",
                            "tags.ansibleNodeName": "controller0",
                            "tags.ansibleNodeType": "controller",
                            "tenancy": "default",
                            "volume_tags.%": "0",
                            "vpc_security_group_ids.#": "1",
                            "vpc_security_group_ids.645937517": "sg-55bd0731"
                        },
                        "meta": {
                            "e2bfb730-ecaa-11e6-8f88-34363bc7c4c0": {
                                "create": 600000000000,
                                "delete": 600000000000,
                                "update": 600000000000
                            },
                            "schema_version": "1"
                        },
                        "tainted": false
                    },
                    "deposed": [],
                    "provider": ""
                },
                "aws_instance.worker": {
                    "type": "aws_instance",
                    "depends_on": [
                        "aws_security_group.kubernetes",
                        "aws_subnet.kubernetes"
                    ],
                    "primary": {
                        "id": "i-0104a64e08e29e457",
                        "attributes": {
                            "ami": "ami-0220b23b",
                            "associate_public_ip_address": "true",
                            "availability_zone": "cn-north-1a",
                            "disable_api_termination": "false",
                            "ebs_block_device.#": "0",
                            "ebs_optimized": "false",
                            "ephemeral_block_device.#": "0",
                            "iam_instance_profile": "",
                            "id": "i-0104a64e08e29e457",
                            "instance_state": "running",
                            "instance_type": "t2.micro",
                            "ipv6_addresses.#": "0",
                            "key_name": "k8s-not-the-hardest-way",
                            "monitoring": "false",
                            "network_interface.#": "0",
                            "network_interface_id": "eni-96f9d6ce",
                            "primary_network_interface_id": "eni-96f9d6ce",
                            "private_dns": "ip-10-43-0-30.cn-north-1.compute.internal",
                            "private_ip": "10.43.0.30",
                            "public_dns": "ec2-54-222-147-105.cn-north-1.compute.amazonaws.com.cn",
                            "public_ip": "54.222.147.105",
                            "root_block_device.#": "1",
                            "root_block_device.0.delete_on_termination": "true",
                            "root_block_device.0.iops": "100",
                            "root_block_device.0.volume_size": "8",
                            "root_block_device.0.volume_type": "gp2",
                            "security_groups.#": "0",
                            "source_dest_check": "false",
                            "subnet_id": "subnet-ae957dca",
                            "tags.%": "5",
                            "tags.Name": "worker-0",
                            "tags.Owner": "CSKIN",
                            "tags.ansibleFilter": "Kubernetes01",
                            "tags.ansibleNodeName": "worker0",
                            "tags.ansibleNodeType": "worker",
                            "tenancy": "default",
                            "volume_tags.%": "0",
                            "vpc_security_group_ids.#": "1",
                            "vpc_security_group_ids.645937517": "sg-55bd0731"
                        },
                        "meta": {
                            "e2bfb730-ecaa-11e6-8f88-34363bc7c4c0": {
                                "create": 600000000000,
                                "delete": 600000000000,
                                "update": 600000000000
                            },
                            "schema_version": "1"
                        },
                        "tainted": false
                    },
                    "deposed": [],
                    "provider": ""
                },
                "aws_internet_gateway.gw": {
                    "type": "aws_internet_gateway",
                    "depends_on": [
                        "aws_vpc.kubernetes"
                    ],
                    "primary": {
                        "id": "igw-65a8c100",
                        "attributes": {
                            "id": "igw-65a8c100",
                            "tags.%": "2",
                            "tags.Name": "kubernetes",
                            "tags.Owner": "CSKIN",
                            "vpc_id": "vpc-13812177"
                        },
                        "meta": {},
                        "tainted": false
                    },
                    "deposed": [],
                    "provider": ""
                },
                "aws_key_pair.default_keypair": {
                    "type": "aws_key_pair",
                    "depends_on": [],
                    "primary": {
                        "id": "k8s-not-the-hardest-way",
                        "attributes": {
                            "id": "k8s-not-the-hardest-way",
                            "key_name": "k8s-not-the-hardest-way",
                            "public_key": "ssh-rsa AAAAB3NzaC1yc2EAAAADAQABAAABAQC4vgo/lNLHP+7CHQFsWeAiWzsH9wFp6LsC16fuvFjJM5G17iorH0kPmdhBJ5FgtqyzvJ+PjKXQ/xasccIKV95Ekw5wrRZrK0iCtkWIzHRXeMqG3g9WCvtWi16kN2sXc41/tOSdSNSyn6EHxvRMOW0vZgkmUFidE6vryjXwIgfLfWkrYZhXzXn40r9+WAHRJ8899hMUQ8lGdYpQ7qYhzfjYe9mjDN7soVfSuSmWB9wRK7QxP/G/eqDBjVrLTCKQ7z24le4C3cDJ4OtVAL2CeRuDuRxtQeuFCEvD/oYQlHMORr0gmRLV1SW5Q2RfcaXOjgKtpDfSY19W77Y8cUhpuJ5d bz@pyro"
                        },
                        "meta": {
                            "schema_version": "1"
                        },
                        "tainted": false
                    },
                    "deposed": [],
                    "provider": ""
                },
                "aws_route_table.kubernetes": {
                    "type": "aws_route_table",
                    "depends_on": [
                        "aws_internet_gateway.gw",
                        "aws_vpc.kubernetes"
                    ],
                    "primary": {
                        "id": "rtb-e70f1982",
                        "attributes": {
                            "id": "rtb-e70f1982",
                            "propagating_vgws.#": "0",
                            "route.#": "1",
                            "route.3694748167.cidr_block": "0.0.0.0/0",
                            "route.3694748167.egress_only_gateway_id": "",
                            "route.3694748167.gateway_id": "igw-65a8c100",
                            "route.3694748167.instance_id": "",
                            "route.3694748167.ipv6_cidr_block": "",
                            "route.3694748167.nat_gateway_id": "",
                            "route.3694748167.network_interface_id": "",
                            "route.3694748167.vpc_peering_connection_id": "",
                            "tags.%": "2",
                            "tags.Name": "kubernetes",
                            "tags.Owner": "CSKIN",
                            "vpc_id": "vpc-13812177"
                        },
                        "meta": {},
                        "tainted": false
                    },
                    "deposed": [],
                    "provider": ""
                },
                "aws_route_table_association.kubernetes": {
                    "type": "aws_route_table_association",
                    "depends_on": [
                        "aws_route_table.kubernetes",
                        "aws_subnet.kubernetes"
                    ],
                    "primary": {
                        "id": "rtbassoc-07697062",
                        "attributes": {
                            "id": "rtbassoc-07697062",
                            "route_table_id": "rtb-e70f1982",
                            "subnet_id": "subnet-ae957dca"
                        },
                        "meta": {},
                        "tainted": false
                    },
                    "deposed": [],
                    "provider": ""
                },
                "aws_security_group.kubernetes": {
                    "type": "aws_security_group",
                    "depends_on": [
                        "aws_security_group.kubernetes_api",
                        "aws_vpc.kubernetes"
                    ],
                    "primary": {
                        "id": "sg-55bd0731",
                        "attributes": {
                            "description": "Managed by Terraform",
                            "egress.#": "1",
                            "egress.482069346.cidr_blocks.#": "1",
                            "egress.482069346.cidr_blocks.0": "0.0.0.0/0",
                            "egress.482069346.from_port": "0",
                            "egress.482069346.ipv6_cidr_blocks.#": "0",
                            "egress.482069346.prefix_list_ids.#": "0",
                            "egress.482069346.protocol": "-1",
                            "egress.482069346.security_groups.#": "0",
                            "egress.482069346.self": "false",
                            "egress.482069346.to_port": "0",
                            "id": "sg-55bd0731",
                            "ingress.#": "4",
                            "ingress.1755711879.cidr_blocks.#": "0",
                            "ingress.1755711879.from_port": "0",
                            "ingress.1755711879.ipv6_cidr_blocks.#": "0",
                            "ingress.1755711879.protocol": "-1",
                            "ingress.1755711879.security_groups.#": "1",
                            "ingress.1755711879.security_groups.489839435": "sg-28b10b4c",
                            "ingress.1755711879.self": "false",
                            "ingress.1755711879.to_port": "0",
                            "ingress.2242829830.cidr_blocks.#": "1",
                            "ingress.2242829830.cidr_blocks.0": "10.43.0.0/16",
                            "ingress.2242829830.from_port": "0",
                            "ingress.2242829830.ipv6_cidr_blocks.#": "0",
                            "ingress.2242829830.protocol": "-1",
                            "ingress.2242829830.security_groups.#": "0",
                            "ingress.2242829830.self": "false",
                            "ingress.2242829830.to_port": "0",
                            "ingress.3068409405.cidr_blocks.#": "1",
                            "ingress.3068409405.cidr_blocks.0": "0.0.0.0/0",
                            "ingress.3068409405.from_port": "8",
                            "ingress.3068409405.ipv6_cidr_blocks.#": "0",
                            "ingress.3068409405.protocol": "icmp",
                            "ingress.3068409405.security_groups.#": "0",
                            "ingress.3068409405.self": "false",
                            "ingress.3068409405.to_port": "0",
                            "ingress.482069346.cidr_blocks.#": "1",
                            "ingress.482069346.cidr_blocks.0": "0.0.0.0/0",
                            "ingress.482069346.from_port": "0",
                            "ingress.482069346.ipv6_cidr_blocks.#": "0",
                            "ingress.482069346.protocol": "-1",
                            "ingress.482069346.security_groups.#": "0",
                            "ingress.482069346.self": "false",
                            "ingress.482069346.to_port": "0",
                            "name": "kubernetes",
                            "owner_id": "493490470276",
                            "tags.%": "2",
                            "tags.Name": "kubernetes",
                            "tags.Owner": "CSKIN",
                            "vpc_id": "vpc-13812177"
                        },
                        "meta": {},
                        "tainted": false
                    },
                    "deposed": [],
                    "provider": ""
                },
                "aws_security_group.kubernetes_api": {
                    "type": "aws_security_group",
                    "depends_on": [
                        "aws_vpc.kubernetes"
                    ],
                    "primary": {
                        "id": "sg-28b10b4c",
                        "attributes": {
                            "description": "Managed by Terraform",
                            "egress.#": "1",
                            "egress.482069346.cidr_blocks.#": "1",
                            "egress.482069346.cidr_blocks.0": "0.0.0.0/0",
                            "egress.482069346.from_port": "0",
                            "egress.482069346.ipv6_cidr_blocks.#": "0",
                            "egress.482069346.prefix_list_ids.#": "0",
                            "egress.482069346.protocol": "-1",
                            "egress.482069346.security_groups.#": "0",
                            "egress.482069346.self": "false",
                            "egress.482069346.to_port": "0",
                            "id": "sg-28b10b4c",
                            "ingress.#": "1",
                            "ingress.1463360607.cidr_blocks.#": "1",
                            "ingress.1463360607.cidr_blocks.0": "0.0.0.0/0",
                            "ingress.1463360607.from_port": "6443",
                            "ingress.1463360607.ipv6_cidr_blocks.#": "0",
                            "ingress.1463360607.protocol": "TCP",
                            "ingress.1463360607.security_groups.#": "0",
                            "ingress.1463360607.self": "false",
                            "ingress.1463360607.to_port": "6443",
                            "name": "kubernetes-api",
                            "owner_id": "493490470276",
                            "tags.%": "2",
                            "tags.Name": "kubernetes-api",
                            "tags.Owner": "CSKIN",
                            "vpc_id": "vpc-13812177"
                        },
                        "meta": {},
                        "tainted": false
                    },
                    "deposed": [],
                    "provider": ""
                },
                "aws_subnet.kubernetes": {
                    "type": "aws_subnet",
                    "depends_on": [
                        "aws_vpc.kubernetes"
                    ],
                    "primary": {
                        "id": "subnet-ae957dca",
                        "attributes": {
                            "assign_ipv6_address_on_creation": "false",
                            "availability_zone": "cn-north-1a",
                            "cidr_block": "10.43.0.0/16",
                            "id": "subnet-ae957dca",
                            "map_public_ip_on_launch": "false",
                            "tags.%": "2",
                            "tags.Name": "kubernetes",
                            "tags.Owner": "CSKIN",
                            "vpc_id": "vpc-13812177"
                        },
                        "meta": {
                            "schema_version": "1"
                        },
                        "tainted": false
                    },
                    "deposed": [],
                    "provider": ""
                },
                "aws_vpc.kubernetes": {
                    "type": "aws_vpc",
                    "depends_on": [],
                    "primary": {
                        "id": "vpc-13812177",
                        "attributes": {
                            "assign_generated_ipv6_cidr_block": "false",
                            "cidr_block": "10.43.0.0/16",
                            "default_network_acl_id": "acl-6d6a7d08",
                            "default_route_table_id": "rtb-380d1b5d",
                            "default_security_group_id": "sg-bfbc06db",
                            "dhcp_options_id": "dopt-22f98147",
                            "enable_dns_hostnames": "true",
                            "enable_dns_support": "true",
                            "id": "vpc-13812177",
                            "instance_tenancy": "default",
                            "main_route_table_id": "rtb-380d1b5d",
                            "tags.%": "2",
                            "tags.Name": "kubernetes",
                            "tags.Owner": "CSKIN"
                        },
                        "meta": {
                            "schema_version": "1"
                        },
                        "tainted": false
                    },
                    "deposed": [],
                    "provider": ""
                },
                "aws_vpc_dhcp_options.dns_resolver": {
                    "type": "aws_vpc_dhcp_options",
                    "depends_on": [],
                    "primary": {
                        "id": "dopt-572f1c32",
                        "attributes": {
                            "domain_name": "cn-north-1.compute.internal",
                            "domain_name_servers.#": "1",
                            "domain_name_servers.0": "AmazonProvidedDNS",
                            "id": "dopt-572f1c32",
                            "tags.%": "2",
                            "tags.Name": "kubernetes",
                            "tags.Owner": "CSKIN"
                        },
                        "meta": {},
                        "tainted": false
                    },
                    "deposed": [],
                    "provider": ""
                },
                "aws_vpc_dhcp_options_association.dns_resolver": {
                    "type": "aws_vpc_dhcp_options_association",
                    "depends_on": [
                        "aws_vpc.kubernetes",
                        "aws_vpc_dhcp_options.dns_resolver"
                    ],
                    "primary": {
                        "id": "dopt-572f1c32-vpc-13812177",
                        "attributes": {
                            "dhcp_options_id": "dopt-572f1c32",
                            "id": "dopt-572f1c32-vpc-13812177",
                            "vpc_id": "vpc-13812177"
                        },
                        "meta": {},
                        "tainted": false
                    },
                    "deposed": [],
                    "provider": ""
                },
                "data.template_file.certificates": {
                    "type": "template_file",
                    "depends_on": [
                        "aws_elb.kubernetes_api",
                        "aws_instance.controller",
                        "aws_instance.worker"
                    ],
                    "primary": {
                        "id": "e0a1887c6b59ec93625261d79322c2d3f822eba188ff0df61a12a529beb64add",
                        "attributes": {
                            "id": "e0a1887c6b59ec93625261d79322c2d3f822eba188ff0df61a12a529beb64add",
                            "rendered": "{\n  \"CN\": \"kubernetes\",\n  \"hosts\": [\n    \"worker0\",\n\n    \"10.31.0.1\",\n    \"10.43.0.20\",\n    \"10.43.0.30\",\n\n    \"ip-10-43-0-20.cn-north-1.compute.internal\",\n    \"ip-10-43-0-30.cn-north-1.compute.internal\",\n\n    \"kubernetes-elb-677243217.cn-north-1.elb.amazonaws.com.cn\",\n    \"127.0.0.1\"\n  ],\n  \"key\": {\n    \"algo\": \"rsa\",\n    \"size\": 2048\n  },\n  \"names\": [\n    {\n      \"C\": \"UK\",\n      \"L\": \"London\",\n      \"O\": \"OpenCredo\",\n      \"OU\": \"Cluster\"\n    }\n  ]\n}\n",
                            "template": "{\n  \"CN\": \"kubernetes\",\n  \"hosts\": [\n    \"worker0\",\n\n    \"${kubernetes_cluster_dns}\",\n    \"${controller0_ip}\",\n    \"${worker0_ip}\",\n\n    \"${controller0_dns}\",\n    \"${worker0_dns}\",\n\n    \"${kubernetes_api_elb_dns_name}\",\n    \"127.0.0.1\"\n  ],\n  \"key\": {\n    \"algo\": \"rsa\",\n    \"size\": 2048\n  },\n  \"names\": [\n    {\n      \"C\": \"UK\",\n      \"L\": \"London\",\n      \"O\": \"OpenCredo\",\n      \"OU\": \"Cluster\"\n    }\n  ]\n}\n",
                            "vars.%": "6",
                            "vars.controller0_dns": "ip-10-43-0-20.cn-north-1.compute.internal",
                            "vars.controller0_ip": "10.43.0.20",
                            "vars.kubernetes_api_elb_dns_name": "kubernetes-elb-677243217.cn-north-1.elb.amazonaws.com.cn",
                            "vars.kubernetes_cluster_dns": "10.31.0.1",
                            "vars.worker0_dns": "ip-10-43-0-30.cn-north-1.compute.internal",
                            "vars.worker0_ip": "10.43.0.30"
                        },
                        "meta": {},
                        "tainted": false
                    },
                    "deposed": [],
                    "provider": ""
                },
                "data.template_file.ssh_cfg": {
                    "type": "template_file",
                    "depends_on": [
                        "aws_instance.controller",
                        "aws_instance.worker"
                    ],
                    "primary": {
                        "id": "2dd821069dbf26f3404e7fea0de20c03c770e057baa8479f9290a1d0a7a33e95",
                        "attributes": {
                            "id": "2dd821069dbf26f3404e7fea0de20c03c770e057baa8479f9290a1d0a7a33e95",
                            "rendered": "Host controller0\n  Hostname 52.80.65.157\n  User ubuntu\n  UserKnownHostsFile=/dev/null\n  StrictHostKeyChecking=no\n\nHost worker0\n  Hostname 54.222.147.105\n  User ubuntu\n  UserKnownHostsFile=/dev/null\n  StrictHostKeyChecking=no\n",
                            "template": "Host controller0\n  Hostname ${controller0_ip}\n  User ${user}\n  UserKnownHostsFile=/dev/null\n  StrictHostKeyChecking=no\n\nHost worker0\n  Hostname ${worker0_ip}\n  User ${user}\n  UserKnownHostsFile=/dev/null\n  StrictHostKeyChecking=no\n",
                            "vars.%": "3",
                            "vars.controller0_ip": "52.80.65.157",
                            "vars.user": "ubuntu",
                            "vars.worker0_ip": "54.222.147.105"
                        },
                        "meta": {},
                        "tainted": false
                    },
                    "deposed": [],
                    "provider": ""
                },
                "null_resource.certificates": {
                    "type": "null_resource",
                    "depends_on": [
                        "data.template_file.certificates"
                    ],
                    "primary": {
                        "id": "219286523756329702",
                        "attributes": {
                            "id": "219286523756329702",
                            "triggers.%": "1",
                            "triggers.template_rendered": "{\n  \"CN\": \"kubernetes\",\n  \"hosts\": [\n    \"worker0\",\n\n    \"10.31.0.1\",\n    \"10.43.0.20\",\n    \"10.43.0.30\",\n\n    \"ip-10-43-0-20.cn-north-1.compute.internal\",\n    \"ip-10-43-0-30.cn-north-1.compute.internal\",\n\n    \"kubernetes-elb-677243217.cn-north-1.elb.amazonaws.com.cn\",\n    \"127.0.0.1\"\n  ],\n  \"key\": {\n    \"algo\": \"rsa\",\n    \"size\": 2048\n  },\n  \"names\": [\n    {\n      \"C\": \"UK\",\n      \"L\": \"London\",\n      \"O\": \"OpenCredo\",\n      \"OU\": \"Cluster\"\n    }\n  ]\n}\n"
                        },
                        "meta": {},
                        "tainted": false
                    },
                    "deposed": [],
                    "provider": ""
                },
                "null_resource.ssh_cfg": {
                    "type": "null_resource",
                    "depends_on": [
                        "data.template_file.ssh_cfg"
                    ],
                    "primary": {
                        "id": "8773131384575194208",
                        "attributes": {
                            "id": "8773131384575194208",
                            "triggers.%": "1",
                            "triggers.template_rendered": "Host controller0\n  Hostname 52.80.65.157\n  User ubuntu\n  UserKnownHostsFile=/dev/null\n  StrictHostKeyChecking=no\n\nHost worker0\n  Hostname 54.222.147.105\n  User ubuntu\n  UserKnownHostsFile=/dev/null\n  StrictHostKeyChecking=no\n"
                        },
                        "meta": {},
                        "tainted": false
                    },
                    "deposed": [],
                    "provider": ""
                }
            },
            "depends_on": []
        }
    ]
}
